
Microsoft Visual Studio Solution File, Format Version 12.00
# Visual Studio Version 17
VisualStudioVersion = 17.13.35818.85 d17.13
MinimumVisualStudioVersion = 10.0.40219.1
Project("{FAE04EC0-301F-11D3-BF4B-00C04F79EFBC}") = "Booking System", "Booking System\Booking System.csproj", "{CEA303CB-BA23-40B0-A90D-C7DB07532711}"
EndProject
Global
	GlobalSection(SolutionConfigurationPlatforms) = preSolution
		Debug|Any CPU = Debug|Any CPU
		Release|Any CPU = Release|Any CPU
	EndGlobalSection
	GlobalSection(ProjectConfigurationPlatforms) = postSolution
		{CEA303CB-BA23-40B0-A90D-C7DB07532711}.Debug|Any CPU.ActiveCfg = Debug|Any CPU
		{CEA303CB-BA23-40B0-A90D-C7DB07532711}.Debug|Any CPU.Build.0 = Debug|Any CPU
		{CEA303CB-BA23-40B0-A90D-C7DB07532711}.Release|Any CPU.ActiveCfg = Release|Any CPU
		{CEA303CB-BA23-40B0-A90D-C7DB07532711}.Release|Any CPU.Build.0 = Release|Any CPU
	EndGlobalSection
	GlobalSection(SolutionProperties) = preSolution
		HideSolutionNode = FALSE
	EndGlobalSection
	GlobalSection(ExtensibilityGlobals) = postSolution
		SolutionGuid = {54643E5F-7ED4-4FD9-8E76-51A835F16CDA}
	EndGlobalSection
EndGlobal
